
Microsoft Visual Studio Solution File, Format Version 12.00
# Visual Studio 15
VisualStudioVersion = 15.0.28307.136
MinimumVisualStudioVersion = 10.0.40219.1
Project("{FAE04EC0-301F-11D3-BF4B-00C04F79EFBC}") = "EmployeeHierarchy", "EmployeeHierarchy\EmployeeHierarchy.csproj", "{38CBFC47-B37B-45BB-B57B-C9066AB89215}"
EndProject
Project("{FAE04EC0-301F-11D3-BF4B-00C04F79EFBC}") = "TestHierarchy.UnitTests", "TestHierarchy.UnitTests\TestHierarchy.UnitTests.csproj", "{51320CE3-ECE4-4889-8962-DED8A7E9214F}"
EndProject
Global
	GlobalSection(SolutionConfigurationPlatforms) = preSolution
		Debug|Any CPU = Debug|Any CPU
		Release|Any CPU = Release|Any CPU
	EndGlobalSection
	GlobalSection(ProjectConfigurationPlatforms) = postSolution
		{38CBFC47-B37B-45BB-B57B-C9066AB89215}.Debug|Any CPU.ActiveCfg = Debug|Any CPU
		{38CBFC47-B37B-45BB-B57B-C9066AB89215}.Debug|Any CPU.Build.0 = Debug|Any CPU
		{38CBFC47-B37B-45BB-B57B-C9066AB89215}.Release|Any CPU.ActiveCfg = Release|Any CPU
		{38CBFC47-B37B-45BB-B57B-C9066AB89215}.Release|Any CPU.Build.0 = Release|Any CPU
		{51320CE3-ECE4-4889-8962-DED8A7E9214F}.Debug|Any CPU.ActiveCfg = Debug|Any CPU
		{51320CE3-ECE4-4889-8962-DED8A7E9214F}.Debug|Any CPU.Build.0 = Debug|Any CPU
		{51320CE3-ECE4-4889-8962-DED8A7E9214F}.Release|Any CPU.ActiveCfg = Release|Any CPU
		{51320CE3-ECE4-4889-8962-DED8A7E9214F}.Release|Any CPU.Build.0 = Release|Any CPU
	EndGlobalSection
	GlobalSection(SolutionProperties) = preSolution
		HideSolutionNode = FALSE
	EndGlobalSection
	GlobalSection(ExtensibilityGlobals) = postSolution
		SolutionGuid = {04295D07-3E81-4EB8-8C67-12A894B85F73}
	EndGlobalSection
EndGlobal
